<Solution>
  <Project Path="D:/Programming/Dot Net/projects/WebsiteBuilder.IRF/WebsiteBuilder.IRF.DataAccess/WebsiteBuilder.IRF.DataAccess.csproj" />
  <Project Path="D:/Programming/Dot Net/projects/WebsiteBuilder.IRF/WebsiteBuilder.IRF/WebsiteBuilder.IRF.csproj" />
  <Project Path="D:/Programming/Dot Net/projects/WebsiteBuilder.IRF/WebsiteBuilder.Models/WebsiteBuilder.Models.csproj" />
  <Project Path="D:/Programming/Dot Net/projects/WebsiteBuilder.IRF/WebsiteBuilder.Utility/WebsiteBuilder.Utility.csproj" />
</Solution>
